// !$*UTF8*$!
{
	archiveVersion = 1;
	classes = {
	};
	objectVersion = 56;
	objects = {

/* Begin PBXBuildFile section */
		1E5AB40B2A43F3DC00871739 /* E.wav in Resources */ = {isa = PBXBuildFile; fileRef = 1E5AB4042A43F3DC00871739 /* E.wav */; };
		1E5AB40C2A43F3DC00871739 /* B.wav in Resources */ = {isa = PBXBuildFile; fileRef = 1E5AB4052A43F3DC00871739 /* B.wav */; };
		1E5AB40D2A43F3DC00871739 /* F.wav in Resources */ = {isa = PBXBuildFile; fileRef = 1E5AB4062A43F3DC00871739 /* F.wav */; };
		1E5AB40E2A43F3DC00871739 /* A.wav in Resources */ = {isa = PBXBuildFile; fileRef = 1E5AB4072A43F3DC00871739 /* A.wav */; };
		1E5AB40F2A43F3DC00871739 /* D.wav in Resources */ = {isa = PBXBuildFile; fileRef = 1E5AB4082A43F3DC00871739 /* D.wav */; };
		1E5AB4102A43F3DC00871739 /* C.wav in Resources */ = {isa = PBXBuildFile; fileRef = 1E5AB4092A43F3DC00871739 /* C.wav */; };
		1E5AB4112A43F3DC00871739 /* G.wav in Resources */ = {isa = PBXBuildFile; fileRef = 1E5AB40A2A43F3DC00871739 /* G.wav */; };
		1E91DB912A43DB2900A4C94B /* AppDelegate.swift in Sources */ = {isa = PBXBuildFile; fileRef = 1E91DB902A43DB2900A4C94B /* AppDelegate.swift */; };
		1E91DB932A43DB2900A4C94B /* SceneDelegate.swift in Sources */ = {isa = PBXBuildFile; fileRef = 1E91DB922A43DB2900A4C94B /* SceneDelegate.swift */; };
		1E91DB952A43DB2900A4C94B /* ViewController.swift in Sources */ = {isa = PBXBuildFile; fileRef = 1E91DB942A43DB2900A4C94B /* ViewController.swift */; };
		1E91DB982A43DB2900A4C94B /* Main.storyboard in Resources */ = {isa = PBXBuildFile; fileRef = 1E91DB962A43DB2900A4C94B /* Main.storyboard */; };
		1E91DB9A2A43DB2A00A4C94B /* Assets.xcassets in Resources */ = {isa = PBXBuildFile; fileRef = 1E91DB992A43DB2A00A4C94B /* Assets.xcassets */; };
		1E91DB9D2A43DB2A00A4C94B /* LaunchScreen.storyboard in Resources */ = {isa = PBXBuildFile; fileRef = 1E91DB9B2A43DB2A00A4C94B /* LaunchScreen.storyboard */; };
/* End PBXBuildFile section */

/* Begin PBXFileReference section */
		1E5AB4042A43F3DC00871739 /* E.wav */ = {isa = PBXFileReference; lastKnownFileType = audio.wav; name = E.wav; path = ../../../../../Downloads/Sounds/E.wav; sourceTree = "<group>"; };
		1E5AB4052A43F3DC00871739 /* B.wav */ = {isa = PBXFileReference; lastKnownFileType = audio.wav; name = B.wav; path = ../../../../../Downloads/Sounds/B.wav; sourceTree = "<group>"; };
		1E5AB4062A43F3DC00871739 /* F.wav */ = {isa = PBXFileReference; lastKnownFileType = audio.wav; name = F.wav; path = ../../../../../Downloads/Sounds/F.wav; sourceTree = "<group>"; };
		1E5AB4072A43F3DC00871739 /* A.wav */ = {isa = PBXFileReference; lastKnownFileType = audio.wav; name = A.wav; path = ../../../../../Downloads/Sounds/A.wav; sourceTree = "<group>"; };
		1E5AB4082A43F3DC00871739 /* D.wav */ = {isa = PBXFileReference; lastKnownFileType = audio.wav; name = D.wav; path = ../../../../../Downloads/Sounds/D.wav; sourceTree = "<group>"; };
		1E5AB4092A43F3DC00871739 /* C.wav */ = {isa = PBXFileReference; lastKnownFileType = audio.wav; name = C.wav; path = ../../../../../Downloads/Sounds/C.wav; sourceTree = "<group>"; };
		1E5AB40A2A43F3DC00871739 /* G.wav */ = {isa = PBXFileReference; lastKnownFileType = audio.wav; name = G.wav; path = ../../../../../Downloads/Sounds/G.wav; sourceTree = "<group>"; };
		1E91DB8D2A43DB2900A4C94B /* Xylophone-iOS.app */ = {isa = PBXFileReference; explicitFileType = wrapper.application; includeInIndex = 0; path = "Xylophone-iOS.app"; sourceTree = BUILT_PRODUCTS_DIR; };
		1E91DB902A43DB2900A4C94B /* AppDelegate.swift */ = {isa = PBXFileReference; lastKnownFileType = sourcecode.swift; path = AppDelegate.swift; sourceTree = "<group>"; };
		1E91DB922A43DB2900A4C94B /* SceneDelegate.swift */ = {isa = PBXFileReference; lastKnownFileType = sourcecode.swift; path = SceneDelegate.swift; sourceTree = "<group>"; };
		1E91DB942A43DB2900A4C94B /* ViewController.swift */ = {isa = PBXFileReference; lastKnownFileType = sourcecode.swift; path = ViewController.swift; sourceTree = "<group>"; };
		1E91DB972A43DB2900A4C94B /* Base */ = {isa = PBXFileReference; lastKnownFileType = file.storyboard; name = Base; path = Base.lproj/Main.storyboard; sourceTree = "<group>"; };
		1E91DB992A43DB2A00A4C94B /* Assets.xcassets */ = {isa = PBXFileReference; lastKnownFileType = folder.assetcatalog; path = Assets.xcassets; sourceTree = "<group>"; };
		1E91DB9C2A43DB2A00A4C94B /* Base */ = {isa = PBXFileReference; lastKnownFileType = file.storyboard; name = Base; path = Base.lproj/LaunchScreen.storyboard; sourceTree = "<group>"; };
		1E91DB9E2A43DB2A00A4C94B /* Info.plist */ = {isa = PBXFileReference; lastKnownFileType = text.plist.xml; path = Info.plist; sourceTree = "<group>"; };
/* End PBXFileReference section */

/* Begin PBXFrameworksBuildPhase section */
		1E91DB8A2A43DB2900A4C94B /* Frameworks */ = {
			isa = PBXFrameworksBuildPhase;
			buildActionMask = 2147483647;
			files = (
			);
			runOnlyForDeploymentPostprocessing = 0;
		};
/* End PBXFrameworksBuildPhase section */

/* Begin PBXGroup section */
		1E5AB4032A43F36F00871739 /* Sounds */ = {
			isa = PBXGroup;
			children = (
				1E5AB4072A43F3DC00871739 /* A.wav */,
				1E5AB4052A43F3DC00871739 /* B.wav */,
				1E5AB4092A43F3DC00871739 /* C.wav */,
				1E5AB4082A43F3DC00871739 /* D.wav */,
				1E5AB4042A43F3DC00871739 /* E.wav */,
				1E5AB4062A43F3DC00871739 /* F.wav */,
				1E5AB40A2A43F3DC00871739 /* G.wav */,
			);
			path = Sounds;
			sourceTree = "<group>";
		};
		1E91DB842A43DB2900A4C94B = {
			isa = PBXGroup;
			children = (
				1E91DB8F2A43DB2900A4C94B /* Xylophone-iOS */,
				1E91DB8E2A43DB2900A4C94B /* Products */,
			);
			sourceTree = "<group>";
		};
		1E91DB8E2A43DB2900A4C94B /* Products */ = {
			isa = PBXGroup;
			children = (
				1E91DB8D2A43DB2900A4C94B /* Xylophone-iOS.app */,
			);
			name = Products;
			sourceTree = "<group>";
		};
		1E91DB8F2A43DB2900A4C94B /* Xylophone-iOS */ = {
			isa = PBXGroup;
			children = (
				1E5AB4032A43F36F00871739 /* Sounds */,
				1E91DB902A43DB2900A4C94B /* AppDelegate.swift */,
				1E91DB922A43DB2900A4C94B /* SceneDelegate.swift */,
				1E91DB942A43DB2900A4C94B /* ViewController.swift */,
				1E91DB962A43DB2900A4C94B /* Main.storyboard */,
				1E91DB992A43DB2A00A4C94B /* Assets.xcassets */,
				1E91DB9B2A43DB2A00A4C94B /* LaunchScreen.storyboard */,
				1E91DB9E2A43DB2A00A4C94B /* Info.plist */,
			);
			path = "Xylophone-iOS";
			sourceTree = "<group>";
		};
/* End PBXGroup section */

/* Begin PBXNativeTarget section */
		1E91DB8C2A43DB2900A4C94B /* Xylophone-iOS */ = {
			isa = PBXNativeTarget;
			buildConfigurationList = 1E91DBA12A43DB2A00A4C94B /* Build configuration list for PBXNativeTarget "Xylophone-iOS" */;
			buildPhases = (
				1E91DB892A43DB2900A4C94B /* Sources */,
				1E91DB8A2A43DB2900A4C94B /* Frameworks */,
				1E91DB8B2A43DB2900A4C94B /* Resources */,
			);
			buildRules = (
			);
			dependencies = (
			);
			name = "Xylophone-iOS";
			productName = "Xylophone-iOS";
			productReference = 1E91DB8D2A43DB2900A4C94B /* Xylophone-iOS.app */;
			productType = "com.apple.product-type.application";
		};
/* End PBXNativeTarget section */

/* Begin PBXProject section */
		1E91DB852A43DB2900A4C94B /* Project object */ = {
			isa = PBXProject;
			attributes = {
				BuildIndependentTargetsInParallel = 1;
				LastSwiftUpdateCheck = 1430;
				LastUpgradeCheck = 1430;
				TargetAttributes = {
					1E91DB8C2A43DB2900A4C94B = {
						CreatedOnToolsVersion = 14.3.1;
					};
				};
			};
			buildConfigurationList = 1E91DB882A43DB2900A4C94B /* Build configuration list for PBXProject "Xylophone-iOS" */;
			compatibilityVersion = "Xcode 14.0";
			developmentRegion = en;
			hasScannedForEncodings = 0;
			knownRegions = (
				en,
				Base,
			);
			mainGroup = 1E91DB842A43DB2900A4C94B;
			productRefGroup = 1E91DB8E2A43DB2900A4C94B /* Products */;
			projectDirPath = "";
			projectRoot = "";
			targets = (
				1E91DB8C2A43DB2900A4C94B /* Xylophone-iOS */,
			);
		};
/* End PBXProject section */

/* Begin PBXResourcesBuildPhase section */
		1E91DB8B2A43DB2900A4C94B /* Resources */ = {
			isa = PBXResourcesBuildPhase;
			buildActionMask = 2147483647;
			files = (
				1E5AB40E2A43F3DC00871739 /* A.wav in Resources */,
				1E91DB9D2A43DB2A00A4C94B /* LaunchScreen.storyboard in Resources */,
				1E5AB40C2A43F3DC00871739 /* B.wav in Resources */,
				1E5AB4102A43F3DC00871739 /* C.wav in Resources */,
				1E91DB9A2A43DB2A00A4C94B /* Assets.xcassets in Resources */,
				1E5AB40D2A43F3DC00871739 /* F.wav in Resources */,
				1E5AB4112A43F3DC00871739 /* G.wav in Resources */,
				1E5AB40F2A43F3DC00871739 /* D.wav in Resources */,
				1E5AB40B2A43F3DC00871739 /* E.wav in Resources */,
				1E91DB982A43DB2900A4C94B /* Main.storyboard in Resources */,
			);
			runOnlyForDeploymentPostprocessing = 0;
		};
/* End PBXResourcesBuildPhase section */

/* Begin PBXSourcesBuildPhase section */
		1E91DB892A43DB2900A4C94B /* Sources */ = {
			isa = PBXSourcesBuildPhase;
			buildActionMask = 2147483647;
			files = (
				1E91DB952A43DB2900A4C94B /* ViewController.swift in Sources */,
				1E91DB912A43DB2900A4C94B /* AppDelegate.swift in Sources */,
				1E91DB932A43DB2900A4C94B /* SceneDelegate.swift in Sources */,
			);
			runOnlyForDeploymentPostprocessing = 0;
		};
/* End PBXSourcesBuildPhase section */

/* Begin PBXVariantGroup section */
		1E91DB962A43DB2900A4C94B /* Main.storyboard */ = {
			isa = PBXVariantGroup;
			children = (
				1E91DB972A43DB2900A4C94B /* Base */,
			);
			name = Main.storyboard;
			sourceTree = "<group>";
		};
		1E91DB9B2A43DB2A00A4C94B /* LaunchScreen.storyboard */ = {
			isa = PBXVariantGroup;
			children = (
				1E91DB9C2A43DB2A00A4C94B /* Base */,
			);
			name = LaunchScreen.storyboard;
			sourceTree = "<group>";
		};
/* End PBXVariantGroup section */

/* Begin XCBuildConfiguration section */
		1E91DB9F2A43DB2A00A4C94B /* Debug */ = {
			isa = XCBuildConfiguration;
			buildSettings = {
				ALWAYS_SEARCH_USER_PATHS = NO;
				CLANG_ANALYZER_NONNULL = YES;
				CLANG_ANALYZER_NUMBER_OBJECT_CONVERSION = YES_AGGRESSIVE;
				CLANG_CXX_LANGUAGE_STANDARD = "gnu++20";
				CLANG_ENABLE_MODULES = YES;
				CLANG_ENABLE_OBJC_ARC = YES;
				CLANG_ENABLE_OBJC_WEAK = YES;
				CLANG_WARN_BLOCK_CAPTURE_AUTORELEASING = YES;
				CLANG_WARN_BOOL_CONVERSION = YES;
				CLANG_WARN_COMMA = YES;
				CLANG_WARN_CONSTANT_CONVERSION = YES;
				CLANG_WARN_DEPRECATED_OBJC_IMPLEMENTATIONS = YES;
				CLANG_WARN_DIRECT_OBJC_ISA_USAGE = YES_ERROR;
				CLANG_WARN_DOCUMENTATION_COMMENTS = YES;
				CLANG_WARN_EMPTY_BODY = YES;
				CLANG_WARN_ENUM_CONVERSION = YES;
				CLANG_WARN_INFINITE_RECURSION = YES;
				CLANG_WARN_INT_CONVERSION = YES;
				CLANG_WARN_NON_LITERAL_NULL_CONVERSION = YES;
				CLANG_WARN_OBJC_IMPLICIT_RETAIN_SELF = YES;
				CLANG_WARN_OBJC_LITERAL_CONVERSION = YES;
				CLANG_WARN_OBJC_ROOT_CLASS = YES_ERROR;
				CLANG_WARN_QUOTED_INCLUDE_IN_FRAMEWORK_HEADER = YES;
				CLANG_WARN_RANGE_LOOP_ANALYSIS = YES;
				CLANG_WARN_STRICT_PROTOTYPES = YES;
				CLANG_WARN_SUSPICIOUS_MOVE = YES;
				CLANG_WARN_UNGUARDED_AVAILABILITY = YES_AGGRESSIVE;
				CLANG_WARN_UNREACHABLE_CODE = YES;
				CLANG_WARN__DUPLICATE_METHOD_MATCH = YES;
				COPY_PHASE_STRIP = NO;
				DEBUG_INFORMATION_FORMAT = dwarf;
				ENABLE_STRICT_OBJC_MSGSEND = YES;
				ENABLE_TESTABILITY = YES;
				GCC_C_LANGUAGE_STANDARD = gnu11;
				GCC_DYNAMIC_NO_PIC = NO;
				GCC_NO_COMMON_BLOCKS = YES;
				GCC_OPTIMIZATION_LEVEL = 0;
				GCC_PREPROCESSOR_DEFINITIONS = (
					"DEBUG=1",
					"$(inherited)",
				);
				GCC_WARN_64_TO_32_BIT_CONVERSION = YES;
				GCC_WARN_ABOUT_RETURN_TYPE = YES_ERROR;
				GCC_WARN_UNDECLARED_SELECTOR = YES;
				GCC_WARN_UNINITIALIZED_AUTOS = YES_AGGRESSIVE;
				GCC_WARN_UNUSED_FUNCTION = YES;
				GCC_WARN_UNUSED_VARIABLE = YES;
				IPHONEOS_DEPLOYMENT_TARGET = 16.4;
				MTL_ENABLE_DEBUG_INFO = INCLUDE_SOURCE;
				MTL_FAST_MATH = YES;
				ONLY_ACTIVE_ARCH = YES;
				SDKROOT = iphoneos;
				SWIFT_ACTIVE_COMPILATION_CONDITIONS = DEBUG;
				SWIFT_OPTIMIZATION_LEVEL = "-Onone";
			};
			name = Debug;
		};
		1E91DBA02A43DB2A00A4C94B /* Release */ = {
			isa = XCBuildConfiguration;
			buildSettings = {
				ALWAYS_SEARCH_USER_PATHS = NO;
				CLANG_ANALYZER_NONNULL = YES;
				CLANG_ANALYZER_NUMBER_OBJECT_CONVERSION = YES_AGGRESSIVE;
				CLANG_CXX_LANGUAGE_STANDARD = "gnu++20";
				CLANG_ENABLE_MODULES = YES;
				CLANG_ENABLE_OBJC_ARC = YES;
				CLANG_ENABLE_OBJC_WEAK = YES;
				CLANG_WARN_BLOCK_CAPTURE_AUTORELEASING = YES;
				CLANG_WARN_BOOL_CONVERSION = YES;
				CLANG_WARN_COMMA = YES;
				CLANG_WARN_CONSTANT_CONVERSION = YES;
				CLANG_WARN_DEPRECATED_OBJC_IMPLEMENTATIONS = YES;
				CLANG_WARN_DIRECT_OBJC_ISA_USAGE = YES_ERROR;
				CLANG_WARN_DOCUMENTATION_COMMENTS = YES;
				CLANG_WARN_EMPTY_BODY = YES;
				CLANG_WARN_ENUM_CONVERSION = YES;
				CLANG_WARN_INFINITE_RECURSION = YES;
				CLANG_WARN_INT_CONVERSION = YES;
				CLANG_WARN_NON_LITERAL_NULL_CONVERSION = YES;
				CLANG_WARN_OBJC_IMPLICIT_RETAIN_SELF = YES;
				CLANG_WARN_OBJC_LITERAL_CONVERSION = YES;
				CLANG_WARN_OBJC_ROOT_CLASS = YES_ERROR;
				CLANG_WARN_QUOTED_INCLUDE_IN_FRAMEWORK_HEADER = YES;
				CLANG_WARN_RANGE_LOOP_ANALYSIS = YES;
				CLANG_WARN_STRICT_PROTOTYPES = YES;
				CLANG_WARN_SUSPICIOUS_MOVE = YES;
				CLANG_WARN_UNGUARDED_AVAILABILITY = YES_AGGRESSIVE;
				CLANG_WARN_UNREACHABLE_CODE = YES;
				CLANG_WARN__DUPLICATE_METHOD_MATCH = YES;
				COPY_PHASE_STRIP = NO;
				DEBUG_INFORMATION_FORMAT = "dwarf-with-dsym";
				ENABLE_NS_ASSERTIONS = NO;
				ENABLE_STRICT_OBJC_MSGSEND = YES;
				GCC_C_LANGUAGE_STANDARD = gnu11;
				GCC_NO_COMMON_BLOCKS = YES;
				GCC_WARN_64_TO_32_BIT_CONVERSION = YES;
				GCC_WARN_ABOUT_RETURN_TYPE = YES_ERROR;
				GCC_WARN_UNDECLARED_SELECTOR = YES;
				GCC_WARN_UNINITIALIZED_AUTOS = YES_AGGRESSIVE;
				GCC_WARN_UNUSED_FUNCTION = YES;
				GCC_WARN_UNUSED_VARIABLE = YES;
				IPHONEOS_DEPLOYMENT_TARGET = 16.4;
				MTL_ENABLE_DEBUG_INFO = NO;
				MTL_FAST_MATH = YES;
				SDKROOT = iphoneos;
				SWIFT_COMPILATION_MODE = wholemodule;
				SWIFT_OPTIMIZATION_LEVEL = "-O";
				VALIDATE_PRODUCT = YES;
			};
			name = Release;
		};
		1E91DBA22A43DB2A00A4C94B /* Debug */ = {
			isa = XCBuildConfiguration;
			buildSettings = {
				ASSETCATALOG_COMPILER_APPICON_NAME = AppIcon;
				ASSETCATALOG_COMPILER_GLOBAL_ACCENT_COLOR_NAME = AccentColor;
				CODE_SIGN_STYLE = Automatic;
				CURRENT_PROJECT_VERSION = 1;
				GENERATE_INFOPLIST_FILE = YES;
				INFOPLIST_FILE = "Xylophone-iOS/Info.plist";
				INFOPLIST_KEY_UIApplicationSupportsIndirectInputEvents = YES;
				INFOPLIST_KEY_UILaunchStoryboardName = LaunchScreen;
				INFOPLIST_KEY_UIMainStoryboardFile = Main;
				INFOPLIST_KEY_UISupportedInterfaceOrientations_iPad = "UIInterfaceOrientationPortrait UIInterfaceOrientationPortraitUpsideDown UIInterfaceOrientationLandscapeLeft UIInterfaceOrientationLandscapeRight";
				INFOPLIST_KEY_UISupportedInterfaceOrientations_iPhone = "UIInterfaceOrientationPortrait UIInterfaceOrientationLandscapeLeft UIInterfaceOrientationLandscapeRight";
				LD_RUNPATH_SEARCH_PATHS = (
					"$(inherited)",
					"@executable_path/Frameworks",
				);
				MARKETING_VERSION = 1.0;
				PRODUCT_BUNDLE_IDENTIFIER = "com.kimmichel.Xylophone-iOS";
				PRODUCT_NAME = "$(TARGET_NAME)";
				SWIFT_EMIT_LOC_STRINGS = YES;
				SWIFT_VERSION = 5.0;
				TARGETED_DEVICE_FAMILY = "1,2";
			};
			name = Debug;
		};
		1E91DBA32A43DB2A00A4C94B /* Release */ = {
			isa = XCBuildConfiguration;
			buildSettings = {
				ASSETCATALOG_COMPILER_APPICON_NAME = AppIcon;
				ASSETCATALOG_COMPILER_GLOBAL_ACCENT_COLOR_NAME = AccentColor;
				CODE_SIGN_STYLE = Automatic;
				CURRENT_PROJECT_VERSION = 1;
				GENERATE_INFOPLIST_FILE = YES;
				INFOPLIST_FILE = "Xylophone-iOS/Info.plist";
				INFOPLIST_KEY_UIApplicationSupportsIndirectInputEvents = YES;
				INFOPLIST_KEY_UILaunchStoryboardName = LaunchScreen;
				INFOPLIST_KEY_UIMainStoryboardFile = Main;
				INFOPLIST_KEY_UISupportedInterfaceOrientations_iPad = "UIInterfaceOrientationPortrait UIInterfaceOrientationPortraitUpsideDown UIInterfaceOrientationLandscapeLeft UIInterfaceOrientationLandscapeRight";
				INFOPLIST_KEY_UISupportedInterfaceOrientations_iPhone = "UIInterfaceOrientationPortrait UIInterfaceOrientationLandscapeLeft UIInterfaceOrientationLandscapeRight";
				LD_RUNPATH_SEARCH_PATHS = (
					"$(inherited)",
					"@executable_path/Frameworks",
				);
				MARKETING_VERSION = 1.0;
				PRODUCT_BUNDLE_IDENTIFIER = "com.kimmichel.Xylophone-iOS";
				PRODUCT_NAME = "$(TARGET_NAME)";
				SWIFT_EMIT_LOC_STRINGS = YES;
				SWIFT_VERSION = 5.0;
				TARGETED_DEVICE_FAMILY = "1,2";
			};
			name = Release;
		};
/* End XCBuildConfiguration section */

/* Begin XCConfigurationList section */
		1E91DB882A43DB2900A4C94B /* Build configuration list for PBXProject "Xylophone-iOS" */ = {
			isa = XCConfigurationList;
			buildConfigurations = (
				1E91DB9F2A43DB2A00A4C94B /* Debug */,
				1E91DBA02A43DB2A00A4C94B /* Release */,
			);
			defaultConfigurationIsVisible = 0;
			defaultConfigurationName = Release;
		};
		1E91DBA12A43DB2A00A4C94B /* Build configuration list for PBXNativeTarget "Xylophone-iOS" */ = {
			isa = XCConfigurationList;
			buildConfigurations = (
				1E91DBA22A43DB2A00A4C94B /* Debug */,
				1E91DBA32A43DB2A00A4C94B /* Release */,
			);
			defaultConfigurationIsVisible = 0;
			defaultConfigurationName = Release;
		};
/* End XCConfigurationList section */
	};
	rootObject = 1E91DB852A43DB2900A4C94B /* Project object */;
}
